{
    "_meta": {
        "hash": {
            "sha256": "39ae6a5dc000e93c5cbf7ac7be6cd98f8624268e1ed5509db1dc283b40db69c9"
        },
        "pipfile-spec": 6,
        "requires": {
            "python_version": "3.7"
        },
        "sources": [
            {
                "name": "pypi",
                "url": "https://pypi.org/simple",
                "verify_ssl": true
            }
        ]
    },
    "default": {
        "mimesis": {
            "hashes": [
                "sha256:2a17aa98cc8aff2c0b1828312e213a515030ed57a1c7b61fc07a87150cb0f25f",
                "sha256:4b856023acdaaefe2e10bbfea9fd4cb6fa9adbbbe9618a8f796aa8887b58e6f2"
            ],
            "index": "pypi",
            "version": "==2.1.0"
        }
    },
    "develop": {}
}
